
Microsoft Visual Studio Solution File, Format Version 12.00
# Visual Studio Version 17
VisualStudioVersion = 17.13.35806.99 d17.13
MinimumVisualStudioVersion = 10.0.40219.1
Project("{FAE04EC0-301F-11D3-BF4B-00C04F79EFBC}") = "33P_API_Rufkin", "33P_API_Rufkin\33P_API_Rufkin.csproj", "{81AC789D-E028-47A2-8630-3C64D07F568D}"
EndProject
Global
	GlobalSection(SolutionConfigurationPlatforms) = preSolution
		Debug|Any CPU = Debug|Any CPU
		Release|Any CPU = Release|Any CPU
	EndGlobalSection
	GlobalSection(ProjectConfigurationPlatforms) = postSolution
		{81AC789D-E028-47A2-8630-3C64D07F568D}.Debug|Any CPU.ActiveCfg = Debug|Any CPU
		{81AC789D-E028-47A2-8630-3C64D07F568D}.Debug|Any CPU.Build.0 = Debug|Any CPU
		{81AC789D-E028-47A2-8630-3C64D07F568D}.Release|Any CPU.ActiveCfg = Release|Any CPU
		{81AC789D-E028-47A2-8630-3C64D07F568D}.Release|Any CPU.Build.0 = Release|Any CPU
	EndGlobalSection
	GlobalSection(SolutionProperties) = preSolution
		HideSolutionNode = FALSE
	EndGlobalSection
	GlobalSection(ExtensibilityGlobals) = postSolution
		SolutionGuid = {85B0FD10-3052-417A-B2AB-46D8F4575C02}
	EndGlobalSection
EndGlobal
